
Microsoft Visual Studio Solution File, Format Version 12.00
# Visual Studio Version 16
VisualStudioVersion = 16.0.31005.135
MinimumVisualStudioVersion = 10.0.40219.1
Project("{FAE04EC0-301F-11D3-BF4B-00C04F79EFBC}") = "CV03", "CV03.csproj", "{FE00CEBB-37F7-466A-AC95-7D609DD8DB47}"
EndProject
Global
	GlobalSection(SolutionConfigurationPlatforms) = preSolution
		Debug|Any CPU = Debug|Any CPU
		Release|Any CPU = Release|Any CPU
	EndGlobalSection
	GlobalSection(ProjectConfigurationPlatforms) = postSolution
		{FE00CEBB-37F7-466A-AC95-7D609DD8DB47}.Debug|Any CPU.ActiveCfg = Debug|Any CPU
		{FE00CEBB-37F7-466A-AC95-7D609DD8DB47}.Debug|Any CPU.Build.0 = Debug|Any CPU
		{FE00CEBB-37F7-466A-AC95-7D609DD8DB47}.Release|Any CPU.ActiveCfg = Release|Any CPU
		{FE00CEBB-37F7-466A-AC95-7D609DD8DB47}.Release|Any CPU.Build.0 = Release|Any CPU
	EndGlobalSection
	GlobalSection(SolutionProperties) = preSolution
		HideSolutionNode = FALSE
	EndGlobalSection
	GlobalSection(ExtensibilityGlobals) = postSolution
		SolutionGuid = {4D4919BD-CD56-46C7-A668-F92048E0F175}
	EndGlobalSection
EndGlobal
