
Microsoft Visual Studio Solution File, Format Version 12.00
# Visual Studio Version 16
VisualStudioVersion = 16.0.31005.135
MinimumVisualStudioVersion = 10.0.40219.1
Project("{FAE04EC0-301F-11D3-BF4B-00C04F79EFBC}") = "CV09", "CV09.csproj", "{740DDAAB-FE89-48D1-B73B-DA0CB0594EA8}"
EndProject
Global
	GlobalSection(SolutionConfigurationPlatforms) = preSolution
		Debug|Any CPU = Debug|Any CPU
		Release|Any CPU = Release|Any CPU
	EndGlobalSection
	GlobalSection(ProjectConfigurationPlatforms) = postSolution
		{740DDAAB-FE89-48D1-B73B-DA0CB0594EA8}.Debug|Any CPU.ActiveCfg = Debug|Any CPU
		{740DDAAB-FE89-48D1-B73B-DA0CB0594EA8}.Debug|Any CPU.Build.0 = Debug|Any CPU
		{740DDAAB-FE89-48D1-B73B-DA0CB0594EA8}.Release|Any CPU.ActiveCfg = Release|Any CPU
		{740DDAAB-FE89-48D1-B73B-DA0CB0594EA8}.Release|Any CPU.Build.0 = Release|Any CPU
	EndGlobalSection
	GlobalSection(SolutionProperties) = preSolution
		HideSolutionNode = FALSE
	EndGlobalSection
	GlobalSection(ExtensibilityGlobals) = postSolution
		SolutionGuid = {0210F252-A708-459F-82F1-75946BFEA094}
	EndGlobalSection
EndGlobal
